// !$*UTF8*$!
{
	archiveVersion = 1;
	classes = {
	};
	objectVersion = 48;
	objects = {

/* Begin PBXBuildFile section */
		AE4A1F74217495C90095BA90 /* KZ_AttributedLabel_iOS.framework in Frameworks */ = {isa = PBXBuildFile; fileRef = AE4A1F73217495C90095BA90 /* KZ_AttributedLabel_iOS.framework */; };
		AEC62A9620A061CC00DFC8B9 /* AppDelegate.m in Sources */ = {isa = PBXBuildFile; fileRef = AEC62A9520A061CC00DFC8B9 /* AppDelegate.m */; };
		AEC62A9920A061CC00DFC8B9 /* ViewController.m in Sources */ = {isa = PBXBuildFile; fileRef = AEC62A9820A061CC00DFC8B9 /* ViewController.m */; };
		AEC62A9C20A061CC00DFC8B9 /* Main.storyboard in Resources */ = {isa = PBXBuildFile; fileRef = AEC62A9A20A061CC00DFC8B9 /* Main.storyboard */; };
		AEC62A9E20A061CC00DFC8B9 /* Assets.xcassets in Resources */ = {isa = PBXBuildFile; fileRef = AEC62A9D20A061CC00DFC8B9 /* Assets.xcassets */; };
		AEC62AA120A061CC00DFC8B9 /* LaunchScreen.storyboard in Resources */ = {isa = PBXBuildFile; fileRef = AEC62A9F20A061CC00DFC8B9 /* LaunchScreen.storyboard */; };
		AEC62AA420A061CC00DFC8B9 /* main.m in Sources */ = {isa = PBXBuildFile; fileRef = AEC62AA320A061CC00DFC8B9 /* main.m */; };
		AEC62B0220A0622400DFC8B9 /* Emoji.plist in Resources */ = {isa = PBXBuildFile; fileRef = AEC62AAB20A0622400DFC8B9 /* Emoji.plist */; };
		AEC62B0320A0622400DFC8B9 /* EmojiArray.plist in Resources */ = {isa = PBXBuildFile; fileRef = AEC62AAC20A0622400DFC8B9 /* EmojiArray.plist */; };
		AEC62B0420A0622400DFC8B9 /* ok_org.png in Resources */ = {isa = PBXBuildFile; fileRef = AEC62AAE20A0622400DFC8B9 /* ok_org.png */; };
		AEC62B0520A0622400DFC8B9 /* bba_org.png in Resources */ = {isa = PBXBuildFile; fileRef = AEC62AAF20A0622400DFC8B9 /* bba_org.png */; };
		AEC62B0620A0622400DFC8B9 /* smilea_org.png in Resources */ = {isa = PBXBuildFile; fileRef = AEC62AB020A0622400DFC8B9 /* smilea_org.png */; };
		AEC62B0720A0622400DFC8B9 /* t_org.png in Resources */ = {isa = PBXBuildFile; fileRef = AEC62AB120A0622400DFC8B9 /* t_org.png */; };
		AEC62B0820A0622400DFC8B9 /* face004.png in Resources */ = {isa = PBXBuildFile; fileRef = AEC62AB220A0622400DFC8B9 /* face004.png */; };
		AEC62B0920A0622400DFC8B9 /* zhh_org.png in Resources */ = {isa = PBXBuildFile; fileRef = AEC62AB320A0622400DFC8B9 /* zhh_org.png */; };
		AEC62B0A20A0622400DFC8B9 /* cza_org.png in Resources */ = {isa = PBXBuildFile; fileRef = AEC62AB420A0622400DFC8B9 /* cza_org.png */; };
		AEC62B0B20A0622400DFC8B9 /* money_org.png in Resources */ = {isa = PBXBuildFile; fileRef = AEC62AB520A0622400DFC8B9 /* money_org.png */; };
		AEC62B0C20A0622400DFC8B9 /* face217.png in Resources */ = {isa = PBXBuildFile; fileRef = AEC62AB620A0622400DFC8B9 /* face217.png */; };
		AEC62B0D20A0622400DFC8B9 /* ldln_org.png in Resources */ = {isa = PBXBuildFile; fileRef = AEC62AB720A0622400DFC8B9 /* ldln_org.png */; };
		AEC62B0E20A0622400DFC8B9 /* cry.png in Resources */ = {isa = PBXBuildFile; fileRef = AEC62AB820A0622400DFC8B9 /* cry.png */; };
		AEC62B0F20A0622400DFC8B9 /* face229.png in Resources */ = {isa = PBXBuildFile; fileRef = AEC62AB920A0622400DFC8B9 /* face229.png */; };
		AEC62B1020A0622400DFC8B9 /* face003.png in Resources */ = {isa = PBXBuildFile; fileRef = AEC62ABA20A0622400DFC8B9 /* face003.png */; };
		AEC62B1120A0622400DFC8B9 /* face002.png in Resources */ = {isa = PBXBuildFile; fileRef = AEC62ABB20A0622400DFC8B9 /* face002.png */; };
		AEC62B1220A0622400DFC8B9 /* face228.png in Resources */ = {isa = PBXBuildFile; fileRef = AEC62ABC20A0622400DFC8B9 /* face228.png */; };
		AEC62B1320A0622400DFC8B9 /* face105.png in Resources */ = {isa = PBXBuildFile; fileRef = AEC62ABD20A0622400DFC8B9 /* face105.png */; };
		AEC62B1420A0622400DFC8B9 /* laugh.png in Resources */ = {isa = PBXBuildFile; fileRef = AEC62ABE20A0622400DFC8B9 /* laugh.png */; };
		AEC62B1520A0622400DFC8B9 /* cj_org.png in Resources */ = {isa = PBXBuildFile; fileRef = AEC62ABF20A0622400DFC8B9 /* cj_org.png */; };
		AEC62B1620A0622400DFC8B9 /* face071.png in Resources */ = {isa = PBXBuildFile; fileRef = AEC62AC020A0622400DFC8B9 /* face071.png */; };
		AEC62B1720A0622400DFC8B9 /* face059.png in Resources */ = {isa = PBXBuildFile; fileRef = AEC62AC120A0622400DFC8B9 /* face059.png */; };
		AEC62B1820A0622400DFC8B9 /* face058.png in Resources */ = {isa = PBXBuildFile; fileRef = AEC62AC220A0622400DFC8B9 /* face058.png */; };
		AEC62B1920A0622400DFC8B9 /* vw_org.png in Resources */ = {isa = PBXBuildFile; fileRef = AEC62AC320A0622400DFC8B9 /* vw_org.png */; };
		AEC62B1A20A0622400DFC8B9 /* k_org.png in Resources */ = {isa = PBXBuildFile; fileRef = AEC62AC420A0622400DFC8B9 /* k_org.png */; };
		AEC62B1B20A0622400DFC8B9 /* kl_org.png in Resources */ = {isa = PBXBuildFile; fileRef = AEC62AC520A0622400DFC8B9 /* kl_org.png */; };
		AEC62B1C20A0622400DFC8B9 /* shamea_org.png in Resources */ = {isa = PBXBuildFile; fileRef = AEC62AC620A0622400DFC8B9 /* shamea_org.png */; };
		AEC62B1D20A0622400DFC8B9 /* angrya_org.png in Resources */ = {isa = PBXBuildFile; fileRef = AEC62AC720A0622400DFC8B9 /* angrya_org.png */; };
		AEC62B1E20A0622400DFC8B9 /* face270.png in Resources */ = {isa = PBXBuildFile; fileRef = AEC62AC820A0622400DFC8B9 /* face270.png */; };
		AEC62B1F20A0622400DFC8B9 /* dizzya_org.png in Resources */ = {isa = PBXBuildFile; fileRef = AEC62AC920A0622400DFC8B9 /* dizzya_org.png */; };
		AEC62B2020A0622400DFC8B9 /* face072.png in Resources */ = {isa = PBXBuildFile; fileRef = AEC62ACA20A0622400DFC8B9 /* face072.png */; };
		AEC62B2120A0622400DFC8B9 /* face073.png in Resources */ = {isa = PBXBuildFile; fileRef = AEC62ACB20A0622400DFC8B9 /* face073.png */; };
		AEC62B2220A0622400DFC8B9 /* face271.png in Resources */ = {isa = PBXBuildFile; fileRef = AEC62ACC20A0622400DFC8B9 /* face271.png */; };
		AEC62B2320A0622400DFC8B9 /* otm_org.png in Resources */ = {isa = PBXBuildFile; fileRef = AEC62ACD20A0622400DFC8B9 /* otm_org.png */; };
		AEC62B2420A0622400DFC8B9 /* face329.png in Resources */ = {isa = PBXBuildFile; fileRef = AEC62ACE20A0622400DFC8B9 /* face329.png */; };
		AEC62B2520A0622400DFC8B9 /* face74.png in Resources */ = {isa = PBXBuildFile; fileRef = AEC62ACF20A0622400DFC8B9 /* face74.png */; };
		AEC62B2620A0622400DFC8B9 /* sweata_org.png in Resources */ = {isa = PBXBuildFile; fileRef = AEC62AD020A0622400DFC8B9 /* sweata_org.png */; };
		AEC62B2720A0622400DFC8B9 /* lovea_org.png in Resources */ = {isa = PBXBuildFile; fileRef = AEC62AD120A0622400DFC8B9 /* lovea_org.png */; };
		AEC62B2820A0622400DFC8B9 /* face062.png in Resources */ = {isa = PBXBuildFile; fileRef = AEC62AD220A0622400DFC8B9 /* face062.png */; };
		AEC62B2920A0622400DFC8B9 /* face274.png in Resources */ = {isa = PBXBuildFile; fileRef = AEC62AD320A0622400DFC8B9 /* face274.png */; };
		AEC62B2A20A0622400DFC8B9 /* face100.png in Resources */ = {isa = PBXBuildFile; fileRef = AEC62AD420A0622400DFC8B9 /* face100.png */; };
		AEC62B2B20A0622400DFC8B9 /* face114.png in Resources */ = {isa = PBXBuildFile; fileRef = AEC62AD520A0622400DFC8B9 /* face114.png */; };
		AEC62B2C20A0622400DFC8B9 /* hx.png in Resources */ = {isa = PBXBuildFile; fileRef = AEC62AD620A0622400DFC8B9 /* hx.png */; };
		AEC62B2D20A0622400DFC8B9 /* tootha_org.png in Resources */ = {isa = PBXBuildFile; fileRef = AEC62AD720A0622400DFC8B9 /* tootha_org.png */; };
		AEC62B2E20A0622400DFC8B9 /* unheart.png in Resources */ = {isa = PBXBuildFile; fileRef = AEC62AD820A0622400DFC8B9 /* unheart.png */; };
		AEC62B2F20A0622400DFC8B9 /* face277.png in Resources */ = {isa = PBXBuildFile; fileRef = AEC62AD920A0622400DFC8B9 /* face277.png */; };
		AEC62B3020A0622400DFC8B9 /* sada_org.png in Resources */ = {isa = PBXBuildFile; fileRef = AEC62ADA20A0622400DFC8B9 /* sada_org.png */; };
		AEC62B3120A0622400DFC8B9 /* j_org.png in Resources */ = {isa = PBXBuildFile; fileRef = AEC62ADB20A0622400DFC8B9 /* j_org.png */; };
		AEC62B3220A0622400DFC8B9 /* hsa_org.png in Resources */ = {isa = PBXBuildFile; fileRef = AEC62ADC20A0622400DFC8B9 /* hsa_org.png */; };
		AEC62B3320A0622400DFC8B9 /* qq_org.png in Resources */ = {isa = PBXBuildFile; fileRef = AEC62ADD20A0622400DFC8B9 /* qq_org.png */; };
		AEC62B3420A0622400DFC8B9 /* cake_org.png in Resources */ = {isa = PBXBuildFile; fileRef = AEC62ADE20A0622400DFC8B9 /* cake_org.png */; };
		AEC62B3520A0622400DFC8B9 /* sk_org.png in Resources */ = {isa = PBXBuildFile; fileRef = AEC62ADF20A0622400DFC8B9 /* sk_org.png */; };
		AEC62B3620A0622400DFC8B9 /* face290.png in Resources */ = {isa = PBXBuildFile; fileRef = AEC62AE020A0622400DFC8B9 /* face290.png */; };
		AEC62B3720A0622400DFC8B9 /* gm.png in Resources */ = {isa = PBXBuildFile; fileRef = AEC62AE120A0622400DFC8B9 /* gm.png */; };
		AEC62B3820A0622400DFC8B9 /* sleepa_org.png in Resources */ = {isa = PBXBuildFile; fileRef = AEC62AE220A0622400DFC8B9 /* sleepa_org.png */; };
		AEC62B3920A0622400DFC8B9 /* heia_org.png in Resources */ = {isa = PBXBuildFile; fileRef = AEC62AE320A0622400DFC8B9 /* heia_org.png */; };
		AEC62B3A20A0622400DFC8B9 /* hatea_org.png in Resources */ = {isa = PBXBuildFile; fileRef = AEC62AE420A0622400DFC8B9 /* hatea_org.png */; };
		AEC62B3B20A0622400DFC8B9 /* hearta_org.png in Resources */ = {isa = PBXBuildFile; fileRef = AEC62AE520A0622400DFC8B9 /* hearta_org.png */; };
		AEC62B3C20A0622400DFC8B9 /* cool_org.png in Resources */ = {isa = PBXBuildFile; fileRef = AEC62AE620A0622400DFC8B9 /* cool_org.png */; };
		AEC62B3D20A0622400DFC8B9 /* sb_org.png in Resources */ = {isa = PBXBuildFile; fileRef = AEC62AE720A0622400DFC8B9 /* sb_org.png */; };
		AEC62B3E20A0622400DFC8B9 /* tza_org.png in Resources */ = {isa = PBXBuildFile; fileRef = AEC62AE820A0622400DFC8B9 /* tza_org.png */; };
		AEC62B3F20A0622400DFC8B9 /* face334.png in Resources */ = {isa = PBXBuildFile; fileRef = AEC62AE920A0622400DFC8B9 /* face334.png */; };
		AEC62B4020A0622400DFC8B9 /* face081.png in Resources */ = {isa = PBXBuildFile; fileRef = AEC62AEA20A0622400DFC8B9 /* face081.png */; };
		AEC62B4120A0622400DFC8B9 /* bs2_org.png in Resources */ = {isa = PBXBuildFile; fileRef = AEC62AEB20A0622400DFC8B9 /* bs2_org.png */; };
		AEC62B4220A0622400DFC8B9 /* nm_org.png in Resources */ = {isa = PBXBuildFile; fileRef = AEC62AEC20A0622400DFC8B9 /* nm_org.png */; };
		AEC62B4320A0622400DFC8B9 /* face335.png in Resources */ = {isa = PBXBuildFile; fileRef = AEC62AED20A0622400DFC8B9 /* face335.png */; };
		AEC62B4420A0622400DFC8B9 /* bs_org.png in Resources */ = {isa = PBXBuildFile; fileRef = AEC62AEE20A0622400DFC8B9 /* bs_org.png */; };
		AEC62B4520A0622400DFC8B9 /* face055.png in Resources */ = {isa = PBXBuildFile; fileRef = AEC62AEF20A0622400DFC8B9 /* face055.png */; };
		AEC62B4620A0622400DFC8B9 /* face083.png in Resources */ = {isa = PBXBuildFile; fileRef = AEC62AF020A0622400DFC8B9 /* face083.png */; };
		AEC62B4720A0622400DFC8B9 /* bz_org.png in Resources */ = {isa = PBXBuildFile; fileRef = AEC62AF120A0622400DFC8B9 /* bz_org.png */; };
		AEC62B4820A0622400DFC8B9 /* face281.png in Resources */ = {isa = PBXBuildFile; fileRef = AEC62AF220A0622400DFC8B9 /* face281.png */; };
		AEC62B4920A0622400DFC8B9 /* face94.png in Resources */ = {isa = PBXBuildFile; fileRef = AEC62AF320A0622400DFC8B9 /* face94.png */; };
		AEC62B4A20A0622400DFC8B9 /* gza_org.png in Resources */ = {isa = PBXBuildFile; fileRef = AEC62AF420A0622400DFC8B9 /* gza_org.png */; };
		AEC62B4B20A0622400DFC8B9 /* face18.png in Resources */ = {isa = PBXBuildFile; fileRef = AEC62AF520A0622400DFC8B9 /* face18.png */; };
		AEC62B4C20A0622400DFC8B9 /* face231.png in Resources */ = {isa = PBXBuildFile; fileRef = AEC62AF620A0622400DFC8B9 /* face231.png */; };
		AEC62B4D20A0622400DFC8B9 /* face032.png in Resources */ = {isa = PBXBuildFile; fileRef = AEC62AF720A0622400DFC8B9 /* face032.png */; };
		AEC62B4E20A0622400DFC8B9 /* yhh_org.png in Resources */ = {isa = PBXBuildFile; fileRef = AEC62AF820A0622400DFC8B9 /* yhh_org.png */; };
		AEC62B4F20A0622400DFC8B9 /* lazu_org.png in Resources */ = {isa = PBXBuildFile; fileRef = AEC62AF920A0622400DFC8B9 /* lazu_org.png */; };
		AEC62B5020A0622400DFC8B9 /* sad_org.png in Resources */ = {isa = PBXBuildFile; fileRef = AEC62AFA20A0622400DFC8B9 /* sad_org.png */; };
		AEC62B5120A0622400DFC8B9 /* wq_org.png in Resources */ = {isa = PBXBuildFile; fileRef = AEC62AFB20A0622400DFC8B9 /* wq_org.png */; };
		AEC62B5220A0622400DFC8B9 /* x_org.png in Resources */ = {isa = PBXBuildFile; fileRef = AEC62AFC20A0622400DFC8B9 /* x_org.png */; };
		AEC62B5320A0622400DFC8B9 /* crazya_org.png in Resources */ = {isa = PBXBuildFile; fileRef = AEC62AFD20A0622400DFC8B9 /* crazya_org.png */; };
		AEC62B5420A0622400DFC8B9 /* face340.png in Resources */ = {isa = PBXBuildFile; fileRef = AEC62AFE20A0622400DFC8B9 /* face340.png */; };
		AEC62B5520A0622400DFC8B9 /* kbsa_org.png in Resources */ = {isa = PBXBuildFile; fileRef = AEC62AFF20A0622400DFC8B9 /* kbsa_org.png */; };
		AEC62B5620A0622400DFC8B9 /* face221.png in Resources */ = {isa = PBXBuildFile; fileRef = AEC62B0020A0622400DFC8B9 /* face221.png */; };
		AEC62B5B20A0625700DFC8B9 /* FullLabelViewController.m in Sources */ = {isa = PBXBuildFile; fileRef = AEC62B5A20A0625700DFC8B9 /* FullLabelViewController.m */; };
/* End PBXBuildFile section */

/* Begin PBXFileReference section */
		AE4A1F73217495C90095BA90 /* KZ_AttributedLabel_iOS.framework */ = {isa = PBXFileReference; lastKnownFileType = wrapper.framework; path = KZ_AttributedLabel_iOS.framework; sourceTree = "<group>"; };
		AEC62A9220A061CB00DFC8B9 /* KZ_AttributedLabel_iOS.app */ = {isa = PBXFileReference; explicitFileType = wrapper.application; includeInIndex = 0; path = KZ_AttributedLabel_iOS.app; sourceTree = BUILT_PRODUCTS_DIR; };
		AEC62A9420A061CC00DFC8B9 /* AppDelegate.h */ = {isa = PBXFileReference; lastKnownFileType = sourcecode.c.h; path = AppDelegate.h; sourceTree = "<group>"; };
		AEC62A9520A061CC00DFC8B9 /* AppDelegate.m */ = {isa = PBXFileReference; lastKnownFileType = sourcecode.c.objc; path = AppDelegate.m; sourceTree = "<group>"; };
		AEC62A9720A061CC00DFC8B9 /* ViewController.h */ = {isa = PBXFileReference; lastKnownFileType = sourcecode.c.h; path = ViewController.h; sourceTree = "<group>"; };
		AEC62A9820A061CC00DFC8B9 /* ViewController.m */ = {isa = PBXFileReference; lastKnownFileType = sourcecode.c.objc; path = ViewController.m; sourceTree = "<group>"; };
		AEC62A9B20A061CC00DFC8B9 /* Base */ = {isa = PBXFileReference; lastKnownFileType = file.storyboard; name = Base; path = Base.lproj/Main.storyboard; sourceTree = "<group>"; };
		AEC62A9D20A061CC00DFC8B9 /* Assets.xcassets */ = {isa = PBXFileReference; lastKnownFileType = folder.assetcatalog; path = Assets.xcassets; sourceTree = "<group>"; };
		AEC62AA020A061CC00DFC8B9 /* Base */ = {isa = PBXFileReference; lastKnownFileType = file.storyboard; name = Base; path = Base.lproj/LaunchScreen.storyboard; sourceTree = "<group>"; };
		AEC62AA220A061CC00DFC8B9 /* Info.plist */ = {isa = PBXFileReference; lastKnownFileType = text.plist.xml; path = Info.plist; sourceTree = "<group>"; };
		AEC62AA320A061CC00DFC8B9 /* main.m */ = {isa = PBXFileReference; lastKnownFileType = sourcecode.c.objc; path = main.m; sourceTree = "<group>"; };
		AEC62AAB20A0622400DFC8B9 /* Emoji.plist */ = {isa = PBXFileReference; fileEncoding = 4; lastKnownFileType = text.plist.xml; path = Emoji.plist; sourceTree = "<group>"; };
		AEC62AAC20A0622400DFC8B9 /* EmojiArray.plist */ = {isa = PBXFileReference; fileEncoding = 4; lastKnownFileType = text.plist.xml; path = EmojiArray.plist; sourceTree = "<group>"; };
		AEC62AAE20A0622400DFC8B9 /* ok_org.png */ = {isa = PBXFileReference; lastKnownFileType = image.png; path = ok_org.png; sourceTree = "<group>"; };
		AEC62AAF20A0622400DFC8B9 /* bba_org.png */ = {isa = PBXFileReference; lastKnownFileType = image.png; path = bba_org.png; sourceTree = "<group>"; };
		AEC62AB020A0622400DFC8B9 /* smilea_org.png */ = {isa = PBXFileReference; lastKnownFileType = image.png; path = smilea_org.png; sourceTree = "<group>"; };
		AEC62AB120A0622400DFC8B9 /* t_org.png */ = {isa = PBXFileReference; lastKnownFileType = image.png; path = t_org.png; sourceTree = "<group>"; };
		AEC62AB220A0622400DFC8B9 /* face004.png */ = {isa = PBXFileReference; lastKnownFileType = image.png; path = face004.png; sourceTree = "<group>"; };
		AEC62AB320A0622400DFC8B9 /* zhh_org.png */ = {isa = PBXFileReference; lastKnownFileType = image.png; path = zhh_org.png; sourceTree = "<group>"; };
		AEC62AB420A0622400DFC8B9 /* cza_org.png */ = {isa = PBXFileReference; lastKnownFileType = image.png; path = cza_org.png; sourceTree = "<group>"; };
		AEC62AB520A0622400DFC8B9 /* money_org.png */ = {isa = PBXFileReference; lastKnownFileType = image.png; path = money_org.png; sourceTree = "<group>"; };
		AEC62AB620A0622400DFC8B9 /* face217.png */ = {isa = PBXFileReference; lastKnownFileType = image.png; path = face217.png; sourceTree = "<group>"; };
		AEC62AB720A0622400DFC8B9 /* ldln_org.png */ = {isa = PBXFileReference; lastKnownFileType = image.png; path = ldln_org.png; sourceTree = "<group>"; };
		AEC62AB820A0622400DFC8B9 /* cry.png */ = {isa = PBXFileReference; lastKnownFileType = image.png; path = cry.png; sourceTree = "<group>"; };
		AEC62AB920A0622400DFC8B9 /* face229.png */ = {isa = PBXFileReference; lastKnownFileType = image.png; path = face229.png; sourceTree = "<group>"; };
		AEC62ABA20A0622400DFC8B9 /* face003.png */ = {isa = PBXFileReference; lastKnownFileType = image.png; path = face003.png; sourceTree = "<group>"; };
		AEC62ABB20A0622400DFC8B9 /* face002.png */ = {isa = PBXFileReference; lastKnownFileType = image.png; path = face002.png; sourceTree = "<group>"; };
		AEC62ABC20A0622400DFC8B9 /* face228.png */ = {isa = PBXFileReference; lastKnownFileType = image.png; path = face228.png; sourceTree = "<group>"; };
		AEC62ABD20A0622400DFC8B9 /* face105.png */ = {isa = PBXFileReference; lastKnownFileType = image.png; path = face105.png; sourceTree = "<group>"; };
		AEC62ABE20A0622400DFC8B9 /* laugh.png */ = {isa = PBXFileReference; lastKnownFileType = image.png; path = laugh.png; sourceTree = "<group>"; };
		AEC62ABF20A0622400DFC8B9 /* cj_org.png */ = {isa = PBXFileReference; lastKnownFileType = image.png; path = cj_org.png; sourceTree = "<group>"; };
		AEC62AC020A0622400DFC8B9 /* face071.png */ = {isa = PBXFileReference; lastKnownFileType = image.png; path = face071.png; sourceTree = "<group>"; };
		AEC62AC120A0622400DFC8B9 /* face059.png */ = {isa = PBXFileReference; lastKnownFileType = image.png; path = face059.png; sourceTree = "<group>"; };
		AEC62AC220A0622400DFC8B9 /* face058.png */ = {isa = PBXFileReference; lastKnownFileType = image.png; path = face058.png; sourceTree = "<group>"; };
		AEC62AC320A0622400DFC8B9 /* vw_org.png */ = {isa = PBXFileReference; lastKnownFileType = image.png; path = vw_org.png; sourceTree = "<group>"; };
		AEC62AC420A0622400DFC8B9 /* k_org.png */ = {isa = PBXFileReference; lastKnownFileType = image.png; path = k_org.png; sourceTree = "<group>"; };
		AEC62AC520A0622400DFC8B9 /* kl_org.png */ = {isa = PBXFileReference; lastKnownFileType = image.png; path = kl_org.png; sourceTree = "<group>"; };
		AEC62AC620A0622400DFC8B9 /* shamea_org.png */ = {isa = PBXFileReference; lastKnownFileType = image.png; path = shamea_org.png; sourceTree = "<group>"; };
		AEC62AC720A0622400DFC8B9 /* angrya_org.png */ = {isa = PBXFileReference; lastKnownFileType = image.png; path = angrya_org.png; sourceTree = "<group>"; };
		AEC62AC820A0622400DFC8B9 /* face270.png */ = {isa = PBXFileReference; lastKnownFileType = image.png; path = face270.png; sourceTree = "<group>"; };
		AEC62AC920A0622400DFC8B9 /* dizzya_org.png */ = {isa = PBXFileReference; lastKnownFileType = image.png; path = dizzya_org.png; sourceTree = "<group>"; };
		AEC62ACA20A0622400DFC8B9 /* face072.png */ = {isa = PBXFileReference; lastKnownFileType = image.png; path = face072.png; sourceTree = "<group>"; };
		AEC62ACB20A0622400DFC8B9 /* face073.png */ = {isa = PBXFileReference; lastKnownFileType = image.png; path = face073.png; sourceTree = "<group>"; };
		AEC62ACC20A0622400DFC8B9 /* face271.png */ = {isa = PBXFileReference; lastKnownFileType = image.png; path = face271.png; sourceTree = "<group>"; };
		AEC62ACD20A0622400DFC8B9 /* otm_org.png */ = {isa = PBXFileReference; lastKnownFileType = image.png; path = otm_org.png; sourceTree = "<group>"; };
		AEC62ACE20A0622400DFC8B9 /* face329.png */ = {isa = PBXFileReference; lastKnownFileType = image.png; path = face329.png; sourceTree = "<group>"; };
		AEC62ACF20A0622400DFC8B9 /* face74.png */ = {isa = PBXFileReference; lastKnownFileType = image.png; path = face74.png; sourceTree = "<group>"; };
		AEC62AD020A0622400DFC8B9 /* sweata_org.png */ = {isa = PBXFileReference; lastKnownFileType = image.png; path = sweata_org.png; sourceTree = "<group>"; };
		AEC62AD120A0622400DFC8B9 /* lovea_org.png */ = {isa = PBXFileReference; lastKnownFileType = image.png; path = lovea_org.png; sourceTree = "<group>"; };
		AEC62AD220A0622400DFC8B9 /* face062.png */ = {isa = PBXFileReference; lastKnownFileType = image.png; path = face062.png; sourceTree = "<group>"; };
		AEC62AD320A0622400DFC8B9 /* face274.png */ = {isa = PBXFileReference; lastKnownFileType = image.png; path = face274.png; sourceTree = "<group>"; };
		AEC62AD420A0622400DFC8B9 /* face100.png */ = {isa = PBXFileReference; lastKnownFileType = image.png; path = face100.png; sourceTree = "<group>"; };
		AEC62AD520A0622400DFC8B9 /* face114.png */ = {isa = PBXFileReference; lastKnownFileType = image.png; path = face114.png; sourceTree = "<group>"; };
		AEC62AD620A0622400DFC8B9 /* hx.png */ = {isa = PBXFileReference; lastKnownFileType = image.png; path = hx.png; sourceTree = "<group>"; };
		AEC62AD720A0622400DFC8B9 /* tootha_org.png */ = {isa = PBXFileReference; lastKnownFileType = image.png; path = tootha_org.png; sourceTree = "<group>"; };
		AEC62AD820A0622400DFC8B9 /* unheart.png */ = {isa = PBXFileReference; lastKnownFileType = image.png; path = unheart.png; sourceTree = "<group>"; };
		AEC62AD920A0622400DFC8B9 /* face277.png */ = {isa = PBXFileReference; lastKnownFileType = image.png; path = face277.png; sourceTree = "<group>"; };
		AEC62ADA20A0622400DFC8B9 /* sada_org.png */ = {isa = PBXFileReference; lastKnownFileType = image.png; path = sada_org.png; sourceTree = "<group>"; };
		AEC62ADB20A0622400DFC8B9 /* j_org.png */ = {isa = PBXFileReference; lastKnownFileType = image.png; path = j_org.png; sourceTree = "<group>"; };
		AEC62ADC20A0622400DFC8B9 /* hsa_org.png */ = {isa = PBXFileReference; lastKnownFileType = image.png; path = hsa_org.png; sourceTree = "<group>"; };
		AEC62ADD20A0622400DFC8B9 /* qq_org.png */ = {isa = PBXFileReference; lastKnownFileType = image.png; path = qq_org.png; sourceTree = "<group>"; };
		AEC62ADE20A0622400DFC8B9 /* cake_org.png */ = {isa = PBXFileReference; lastKnownFileType = image.png; path = cake_org.png; sourceTree = "<group>"; };
		AEC62ADF20A0622400DFC8B9 /* sk_org.png */ = {isa = PBXFileReference; lastKnownFileType = image.png; path = sk_org.png; sourceTree = "<group>"; };
		AEC62AE020A0622400DFC8B9 /* face290.png */ = {isa = PBXFileReference; lastKnownFileType = image.png; path = face290.png; sourceTree = "<group>"; };
		AEC62AE120A0622400DFC8B9 /* gm.png */ = {isa = PBXFileReference; lastKnownFileType = image.png; path = gm.png; sourceTree = "<group>"; };
		AEC62AE220A0622400DFC8B9 /* sleepa_org.png */ = {isa = PBXFileReference; lastKnownFileType = image.png; path = sleepa_org.png; sourceTree = "<group>"; };
		AEC62AE320A0622400DFC8B9 /* heia_org.png */ = {isa = PBXFileReference; lastKnownFileType = image.png; path = heia_org.png; sourceTree = "<group>"; };
		AEC62AE420A0622400DFC8B9 /* hatea_org.png */ = {isa = PBXFileReference; lastKnownFileType = image.png; path = hatea_org.png; sourceTree = "<group>"; };
		AEC62AE520A0622400DFC8B9 /* hearta_org.png */ = {isa = PBXFileReference; lastKnownFileType = image.png; path = hearta_org.png; sourceTree = "<group>"; };
		AEC62AE620A0622400DFC8B9 /* cool_org.png */ = {isa = PBXFileReference; lastKnownFileType = image.png; path = cool_org.png; sourceTree = "<group>"; };
		AEC62AE720A0622400DFC8B9 /* sb_org.png */ = {isa = PBXFileReference; lastKnownFileType = image.png; path = sb_org.png; sourceTree = "<group>"; };
		AEC62AE820A0622400DFC8B9 /* tza_org.png */ = {isa = PBXFileReference; lastKnownFileType = image.png; path = tza_org.png; sourceTree = "<group>"; };
		AEC62AE920A0622400DFC8B9 /* face334.png */ = {isa = PBXFileReference; lastKnownFileType = image.png; path = face334.png; sourceTree = "<group>"; };
		AEC62AEA20A0622400DFC8B9 /* face081.png */ = {isa = PBXFileReference; lastKnownFileType = image.png; path = face081.png; sourceTree = "<group>"; };
		AEC62AEB20A0622400DFC8B9 /* bs2_org.png */ = {isa = PBXFileReference; lastKnownFileType = image.png; path = bs2_org.png; sourceTree = "<group>"; };
		AEC62AEC20A0622400DFC8B9 /* nm_org.png */ = {isa = PBXFileReference; lastKnownFileType = image.png; path = nm_org.png; sourceTree = "<group>"; };
		AEC62AED20A0622400DFC8B9 /* face335.png */ = {isa = PBXFileReference; lastKnownFileType = image.png; path = face335.png; sourceTree = "<group>"; };
		AEC62AEE20A0622400DFC8B9 /* bs_org.png */ = {isa = PBXFileReference; lastKnownFileType = image.png; path = bs_org.png; sourceTree = "<group>"; };
		AEC62AEF20A0622400DFC8B9 /* face055.png */ = {isa = PBXFileReference; lastKnownFileType = image.png; path = face055.png; sourceTree = "<group>"; };
		AEC62AF020A0622400DFC8B9 /* face083.png */ = {isa = PBXFileReference; lastKnownFileType = image.png; path = face083.png; sourceTree = "<group>"; };
		AEC62AF120A0622400DFC8B9 /* bz_org.png */ = {isa = PBXFileReference; lastKnownFileType = image.png; path = bz_org.png; sourceTree = "<group>"; };
		AEC62AF220A0622400DFC8B9 /* face281.png */ = {isa = PBXFileReference; lastKnownFileType = image.png; path = face281.png; sourceTree = "<group>"; };
		AEC62AF320A0622400DFC8B9 /* face94.png */ = {isa = PBXFileReference; lastKnownFileType = image.png; path = face94.png; sourceTree = "<group>"; };
		AEC62AF420A0622400DFC8B9 /* gza_org.png */ = {isa = PBXFileReference; lastKnownFileType = image.png; path = gza_org.png; sourceTree = "<group>"; };
		AEC62AF520A0622400DFC8B9 /* face18.png */ = {isa = PBXFileReference; lastKnownFileType = image.png; path = face18.png; sourceTree = "<group>"; };
		AEC62AF620A0622400DFC8B9 /* face231.png */ = {isa = PBXFileReference; lastKnownFileType = image.png; path = face231.png; sourceTree = "<group>"; };
		AEC62AF720A0622400DFC8B9 /* face032.png */ = {isa = PBXFileReference; lastKnownFileType = image.png; path = face032.png; sourceTree = "<group>"; };
		AEC62AF820A0622400DFC8B9 /* yhh_org.png */ = {isa = PBXFileReference; lastKnownFileType = image.png; path = yhh_org.png; sourceTree = "<group>"; };
		AEC62AF920A0622400DFC8B9 /* lazu_org.png */ = {isa = PBXFileReference; lastKnownFileType = image.png; path = lazu_org.png; sourceTree = "<group>"; };
		AEC62AFA20A0622400DFC8B9 /* sad_org.png */ = {isa = PBXFileReference; lastKnownFileType = image.png; path = sad_org.png; sourceTree = "<group>"; };
		AEC62AFB20A0622400DFC8B9 /* wq_org.png */ = {isa = PBXFileReference; lastKnownFileType = image.png; path = wq_org.png; sourceTree = "<group>"; };
		AEC62AFC20A0622400DFC8B9 /* x_org.png */ = {isa = PBXFileReference; lastKnownFileType = image.png; path = x_org.png; sourceTree = "<group>"; };
		AEC62AFD20A0622400DFC8B9 /* crazya_org.png */ = {isa = PBXFileReference; lastKnownFileType = image.png; path = crazya_org.png; sourceTree = "<group>"; };
		AEC62AFE20A0622400DFC8B9 /* face340.png */ = {isa = PBXFileReference; lastKnownFileType = image.png; path = face340.png; sourceTree = "<group>"; };
		AEC62AFF20A0622400DFC8B9 /* kbsa_org.png */ = {isa = PBXFileReference; lastKnownFileType = image.png; path = kbsa_org.png; sourceTree = "<group>"; };
		AEC62B0020A0622400DFC8B9 /* face221.png */ = {isa = PBXFileReference; lastKnownFileType = image.png; path = face221.png; sourceTree = "<group>"; };
		AEC62B5920A0625700DFC8B9 /* FullLabelViewController.h */ = {isa = PBXFileReference; lastKnownFileType = sourcecode.c.h; path = FullLabelViewController.h; sourceTree = "<group>"; };
		AEC62B5A20A0625700DFC8B9 /* FullLabelViewController.m */ = {isa = PBXFileReference; lastKnownFileType = sourcecode.c.objc; path = FullLabelViewController.m; sourceTree = "<group>"; };
/* End PBXFileReference section */

/* Begin PBXFrameworksBuildPhase section */
		AEC62A8F20A061CB00DFC8B9 /* Frameworks */ = {
			isa = PBXFrameworksBuildPhase;
			buildActionMask = 2147483647;
			files = (
				AE4A1F74217495C90095BA90 /* KZ_AttributedLabel_iOS.framework in Frameworks */,
			);
			runOnlyForDeploymentPostprocessing = 0;
		};
/* End PBXFrameworksBuildPhase section */

/* Begin PBXGroup section */
		AEC62A9320A061CC00DFC8B9 /* KZ_AttributedLabel_iOS */ = {
			isa = PBXGroup;
			children = (
				AEC62A9420A061CC00DFC8B9 /* AppDelegate.h */,
				AEC62A9520A061CC00DFC8B9 /* AppDelegate.m */,
				AEC62A9720A061CC00DFC8B9 /* ViewController.h */,
				AEC62A9820A061CC00DFC8B9 /* ViewController.m */,
				AEC62B5920A0625700DFC8B9 /* FullLabelViewController.h */,
				AEC62B5A20A0625700DFC8B9 /* FullLabelViewController.m */,
				AEC62AAD20A0622400DFC8B9 /* EmojiImages */,
				AEC62AAA20A0622400DFC8B9 /* EmojiPlist */,
				AEC62AA820A0622300DFC8B9 /* AttributedLabel */,
				AEC62A9A20A061CC00DFC8B9 /* Main.storyboard */,
				AEC62A9D20A061CC00DFC8B9 /* Assets.xcassets */,
				AEC62A9F20A061CC00DFC8B9 /* LaunchScreen.storyboard */,
				AEC62AA220A061CC00DFC8B9 /* Info.plist */,
				AEC62AA320A061CC00DFC8B9 /* main.m */,
			);
			path = KZ_AttributedLabel_iOS;
			sourceTree = "<group>";
		};
		AEC62AA820A0622300DFC8B9 /* AttributedLabel */ = {
			isa = PBXGroup;
			children = (
				AE4A1F73217495C90095BA90 /* KZ_AttributedLabel_iOS.framework */,
			);
			path = AttributedLabel;
			sourceTree = "<group>";
		};
		AEC62AAA20A0622400DFC8B9 /* EmojiPlist */ = {
			isa = PBXGroup;
			children = (
				AEC62AAB20A0622400DFC8B9 /* Emoji.plist */,
				AEC62AAC20A0622400DFC8B9 /* EmojiArray.plist */,
			);
			path = EmojiPlist;
			sourceTree = "<group>";
		};
		AEC62AAD20A0622400DFC8B9 /* EmojiImages */ = {
			isa = PBXGroup;
			children = (
				AEC62AAE20A0622400DFC8B9 /* ok_org.png */,
				AEC62AAF20A0622400DFC8B9 /* bba_org.png */,
				AEC62AB020A0622400DFC8B9 /* smilea_org.png */,
				AEC62AB120A0622400DFC8B9 /* t_org.png */,
				AEC62AB220A0622400DFC8B9 /* face004.png */,
				AEC62AB320A0622400DFC8B9 /* zhh_org.png */,
				AEC62AB420A0622400DFC8B9 /* cza_org.png */,
				AEC62AB520A0622400DFC8B9 /* money_org.png */,
				AEC62AB620A0622400DFC8B9 /* face217.png */,
				AEC62AB720A0622400DFC8B9 /* ldln_org.png */,
				AEC62AB820A0622400DFC8B9 /* cry.png */,
				AEC62AB920A0622400DFC8B9 /* face229.png */,
				AEC62ABA20A0622400DFC8B9 /* face003.png */,
				AEC62ABB20A0622400DFC8B9 /* face002.png */,
				AEC62ABC20A0622400DFC8B9 /* face228.png */,
				AEC62ABD20A0622400DFC8B9 /* face105.png */,
				AEC62ABE20A0622400DFC8B9 /* laugh.png */,
				AEC62ABF20A0622400DFC8B9 /* cj_org.png */,
				AEC62AC020A0622400DFC8B9 /* face071.png */,
				AEC62AC120A0622400DFC8B9 /* face059.png */,
				AEC62AC220A0622400DFC8B9 /* face058.png */,
				AEC62AC320A0622400DFC8B9 /* vw_org.png */,
				AEC62AC420A0622400DFC8B9 /* k_org.png */,
				AEC62AC520A0622400DFC8B9 /* kl_org.png */,
				AEC62AC620A0622400DFC8B9 /* shamea_org.png */,
				AEC62AC720A0622400DFC8B9 /* angrya_org.png */,
				AEC62AC820A0622400DFC8B9 /* face270.png */,
				AEC62AC920A0622400DFC8B9 /* dizzya_org.png */,
				AEC62ACA20A0622400DFC8B9 /* face072.png */,
				AEC62ACB20A0622400DFC8B9 /* face073.png */,
				AEC62ACC20A0622400DFC8B9 /* face271.png */,
				AEC62ACD20A0622400DFC8B9 /* otm_org.png */,
				AEC62ACE20A0622400DFC8B9 /* face329.png */,
				AEC62ACF20A0622400DFC8B9 /* face74.png */,
				AEC62AD020A0622400DFC8B9 /* sweata_org.png */,
				AEC62AD120A0622400DFC8B9 /* lovea_org.png */,
				AEC62AD220A0622400DFC8B9 /* face062.png */,
				AEC62AD320A0622400DFC8B9 /* face274.png */,
				AEC62AD420A0622400DFC8B9 /* face100.png */,
				AEC62AD520A0622400DFC8B9 /* face114.png */,
				AEC62AD620A0622400DFC8B9 /* hx.png */,
				AEC62AD720A0622400DFC8B9 /* tootha_org.png */,
				AEC62AD820A0622400DFC8B9 /* unheart.png */,
				AEC62AD920A0622400DFC8B9 /* face277.png */,
				AEC62ADA20A0622400DFC8B9 /* sada_org.png */,
				AEC62ADB20A0622400DFC8B9 /* j_org.png */,
				AEC62ADC20A0622400DFC8B9 /* hsa_org.png */,
				AEC62ADD20A0622400DFC8B9 /* qq_org.png */,
				AEC62ADE20A0622400DFC8B9 /* cake_org.png */,
				AEC62ADF20A0622400DFC8B9 /* sk_org.png */,
				AEC62AE020A0622400DFC8B9 /* face290.png */,
				AEC62AE120A0622400DFC8B9 /* gm.png */,
				AEC62AE220A0622400DFC8B9 /* sleepa_org.png */,
				AEC62AE320A0622400DFC8B9 /* heia_org.png */,
				AEC62AE420A0622400DFC8B9 /* hatea_org.png */,
				AEC62AE520A0622400DFC8B9 /* hearta_org.png */,
				AEC62AE620A0622400DFC8B9 /* cool_org.png */,
				AEC62AE720A0622400DFC8B9 /* sb_org.png */,
				AEC62AE820A0622400DFC8B9 /* tza_org.png */,
				AEC62AE920A0622400DFC8B9 /* face334.png */,
				AEC62AEA20A0622400DFC8B9 /* face081.png */,
				AEC62AEB20A0622400DFC8B9 /* bs2_org.png */,
				AEC62AEC20A0622400DFC8B9 /* nm_org.png */,
				AEC62AED20A0622400DFC8B9 /* face335.png */,
				AEC62AEE20A0622400DFC8B9 /* bs_org.png */,
				AEC62AEF20A0622400DFC8B9 /* face055.png */,
				AEC62AF020A0622400DFC8B9 /* face083.png */,
				AEC62AF120A0622400DFC8B9 /* bz_org.png */,
				AEC62AF220A0622400DFC8B9 /* face281.png */,
				AEC62AF320A0622400DFC8B9 /* face94.png */,
				AEC62AF420A0622400DFC8B9 /* gza_org.png */,
				AEC62AF520A0622400DFC8B9 /* face18.png */,
				AEC62AF620A0622400DFC8B9 /* face231.png */,
				AEC62AF720A0622400DFC8B9 /* face032.png */,
				AEC62AF820A0622400DFC8B9 /* yhh_org.png */,
				AEC62AF920A0622400DFC8B9 /* lazu_org.png */,
				AEC62AFA20A0622400DFC8B9 /* sad_org.png */,
				AEC62AFB20A0622400DFC8B9 /* wq_org.png */,
				AEC62AFC20A0622400DFC8B9 /* x_org.png */,
				AEC62AFD20A0622400DFC8B9 /* crazya_org.png */,
				AEC62AFE20A0622400DFC8B9 /* face340.png */,
				AEC62AFF20A0622400DFC8B9 /* kbsa_org.png */,
				AEC62B0020A0622400DFC8B9 /* face221.png */,
			);
			path = EmojiImages;
			sourceTree = "<group>";
		};
		AED818AD1FB2A519000DBD12 = {
			isa = PBXGroup;
			children = (
				AEC62A9320A061CC00DFC8B9 /* KZ_AttributedLabel_iOS */,
				AED818B71FB2A519000DBD12 /* Products */,
			);
			sourceTree = "<group>";
		};
		AED818B71FB2A519000DBD12 /* Products */ = {
			isa = PBXGroup;
			children = (
				AEC62A9220A061CB00DFC8B9 /* KZ_AttributedLabel_iOS.app */,
			);
			name = Products;
			sourceTree = "<group>";
		};
/* End PBXGroup section */

/* Begin PBXNativeTarget section */
		AEC62A9120A061CB00DFC8B9 /* KZ_AttributedLabel_iOS */ = {
			isa = PBXNativeTarget;
			buildConfigurationList = AEC62AA720A061CC00DFC8B9 /* Build configuration list for PBXNativeTarget "KZ_AttributedLabel_iOS" */;
			buildPhases = (
				AEC62A8E20A061CB00DFC8B9 /* Sources */,
				AEC62A8F20A061CB00DFC8B9 /* Frameworks */,
				AEC62A9020A061CB00DFC8B9 /* Resources */,
			);
			buildRules = (
			);
			dependencies = (
			);
			name = KZ_AttributedLabel_iOS;
			productName = KZ_AttributedLabel_iOS;
			productReference = AEC62A9220A061CB00DFC8B9 /* KZ_AttributedLabel_iOS.app */;
			productType = "com.apple.product-type.application";
		};
/* End PBXNativeTarget section */

/* Begin PBXProject section */
		AED818AE1FB2A519000DBD12 /* Project object */ = {
			isa = PBXProject;
			attributes = {
				LastUpgradeCheck = 0930;
				ORGANIZATIONNAME = "Kieron Zhang";
				TargetAttributes = {
					AEC62A9120A061CB00DFC8B9 = {
						CreatedOnToolsVersion = 9.3;
						ProvisioningStyle = Automatic;
					};
				};
			};
			buildConfigurationList = AED818B11FB2A519000DBD12 /* Build configuration list for PBXProject "KZ_AttributedLabel" */;
			compatibilityVersion = "Xcode 8.0";
			developmentRegion = en;
			hasScannedForEncodings = 0;
			knownRegions = (
				en,
				Base,
			);
			mainGroup = AED818AD1FB2A519000DBD12;
			productRefGroup = AED818B71FB2A519000DBD12 /* Products */;
			projectDirPath = "";
			projectRoot = "";
			targets = (
				AEC62A9120A061CB00DFC8B9 /* KZ_AttributedLabel_iOS */,
			);
		};
/* End PBXProject section */

/* Begin PBXResourcesBuildPhase section */
		AEC62A9020A061CB00DFC8B9 /* Resources */ = {
			isa = PBXResourcesBuildPhase;
			buildActionMask = 2147483647;
			files = (
				AEC62B3620A0622400DFC8B9 /* face290.png in Resources */,
				AEC62B0520A0622400DFC8B9 /* bba_org.png in Resources */,
				AEC62B2920A0622400DFC8B9 /* face274.png in Resources */,
				AEC62B0920A0622400DFC8B9 /* zhh_org.png in Resources */,
				AEC62B3720A0622400DFC8B9 /* gm.png in Resources */,
				AEC62B1020A0622400DFC8B9 /* face003.png in Resources */,
				AEC62B1F20A0622400DFC8B9 /* dizzya_org.png in Resources */,
				AEC62B1920A0622400DFC8B9 /* vw_org.png in Resources */,
				AEC62B4620A0622400DFC8B9 /* face083.png in Resources */,
				AEC62B2A20A0622400DFC8B9 /* face100.png in Resources */,
				AEC62B1420A0622400DFC8B9 /* laugh.png in Resources */,
				AEC62B4C20A0622400DFC8B9 /* face231.png in Resources */,
				AEC62B2B20A0622400DFC8B9 /* face114.png in Resources */,
				AEC62B3320A0622400DFC8B9 /* qq_org.png in Resources */,
				AEC62B3220A0622400DFC8B9 /* hsa_org.png in Resources */,
				AEC62B1120A0622400DFC8B9 /* face002.png in Resources */,
				AEC62B5520A0622400DFC8B9 /* kbsa_org.png in Resources */,
				AEC62B2420A0622400DFC8B9 /* face329.png in Resources */,
				AEC62B4420A0622400DFC8B9 /* bs_org.png in Resources */,
				AEC62B1E20A0622400DFC8B9 /* face270.png in Resources */,
				AEC62B3820A0622400DFC8B9 /* sleepa_org.png in Resources */,
				AEC62B2320A0622400DFC8B9 /* otm_org.png in Resources */,
				AEC62B1620A0622400DFC8B9 /* face071.png in Resources */,
				AEC62B3420A0622400DFC8B9 /* cake_org.png in Resources */,
				AEC62B3B20A0622400DFC8B9 /* hearta_org.png in Resources */,
				AEC62B1820A0622400DFC8B9 /* face058.png in Resources */,
				AEC62B0420A0622400DFC8B9 /* ok_org.png in Resources */,
				AEC62B2120A0622400DFC8B9 /* face073.png in Resources */,
				AEC62B5020A0622400DFC8B9 /* sad_org.png in Resources */,
				AEC62B0A20A0622400DFC8B9 /* cza_org.png in Resources */,
				AEC62B3120A0622400DFC8B9 /* j_org.png in Resources */,
				AEC62B3F20A0622400DFC8B9 /* face334.png in Resources */,
				AEC62B3520A0622400DFC8B9 /* sk_org.png in Resources */,
				AEC62B1A20A0622400DFC8B9 /* k_org.png in Resources */,
				AEC62B1D20A0622400DFC8B9 /* angrya_org.png in Resources */,
				AEC62B4120A0622400DFC8B9 /* bs2_org.png in Resources */,
				AEC62B4920A0622400DFC8B9 /* face94.png in Resources */,
				AEC62B0F20A0622400DFC8B9 /* face229.png in Resources */,
				AEC62AA120A061CC00DFC8B9 /* LaunchScreen.storyboard in Resources */,
				AEC62B4D20A0622400DFC8B9 /* face032.png in Resources */,
				AEC62B2520A0622400DFC8B9 /* face74.png in Resources */,
				AEC62B4820A0622400DFC8B9 /* face281.png in Resources */,
				AEC62B1320A0622400DFC8B9 /* face105.png in Resources */,
				AEC62B4220A0622400DFC8B9 /* nm_org.png in Resources */,
				AEC62B0620A0622400DFC8B9 /* smilea_org.png in Resources */,
				AEC62B5420A0622400DFC8B9 /* face340.png in Resources */,
				AEC62B1B20A0622400DFC8B9 /* kl_org.png in Resources */,
				AEC62B2F20A0622400DFC8B9 /* face277.png in Resources */,
				AEC62B0320A0622400DFC8B9 /* EmojiArray.plist in Resources */,
				AEC62B5320A0622400DFC8B9 /* crazya_org.png in Resources */,
				AEC62B4F20A0622400DFC8B9 /* lazu_org.png in Resources */,
				AEC62B4E20A0622400DFC8B9 /* yhh_org.png in Resources */,
				AEC62B4020A0622400DFC8B9 /* face081.png in Resources */,
				AEC62B4720A0622400DFC8B9 /* bz_org.png in Resources */,
				AEC62B5220A0622400DFC8B9 /* x_org.png in Resources */,
				AEC62B0220A0622400DFC8B9 /* Emoji.plist in Resources */,
				AEC62B0E20A0622400DFC8B9 /* cry.png in Resources */,
				AEC62B3D20A0622400DFC8B9 /* sb_org.png in Resources */,
				AEC62B2720A0622400DFC8B9 /* lovea_org.png in Resources */,
				AEC62B2220A0622400DFC8B9 /* face271.png in Resources */,
				AEC62A9E20A061CC00DFC8B9 /* Assets.xcassets in Resources */,
				AEC62B1520A0622400DFC8B9 /* cj_org.png in Resources */,
				AEC62B1220A0622400DFC8B9 /* face228.png in Resources */,
				AEC62B0D20A0622400DFC8B9 /* ldln_org.png in Resources */,
				AEC62B2C20A0622400DFC8B9 /* hx.png in Resources */,
				AEC62B5120A0622400DFC8B9 /* wq_org.png in Resources */,
				AEC62B5620A0622400DFC8B9 /* face221.png in Resources */,
				AEC62B1C20A0622400DFC8B9 /* shamea_org.png in Resources */,
				AEC62B2E20A0622400DFC8B9 /* unheart.png in Resources */,
				AEC62A9C20A061CC00DFC8B9 /* Main.storyboard in Resources */,
				AEC62B0720A0622400DFC8B9 /* t_org.png in Resources */,
				AEC62B2820A0622400DFC8B9 /* face062.png in Resources */,
				AEC62B3E20A0622400DFC8B9 /* tza_org.png in Resources */,
				AEC62B3A20A0622400DFC8B9 /* hatea_org.png in Resources */,
				AEC62B0B20A0622400DFC8B9 /* money_org.png in Resources */,
				AEC62B0820A0622400DFC8B9 /* face004.png in Resources */,
				AEC62B0C20A0622400DFC8B9 /* face217.png in Resources */,
				AEC62B2D20A0622400DFC8B9 /* tootha_org.png in Resources */,
				AEC62B4B20A0622400DFC8B9 /* face18.png in Resources */,
				AEC62B4320A0622400DFC8B9 /* face335.png in Resources */,
				AEC62B2620A0622400DFC8B9 /* sweata_org.png in Resources */,
				AEC62B3C20A0622400DFC8B9 /* cool_org.png in Resources */,
				AEC62B4520A0622400DFC8B9 /* face055.png in Resources */,
				AEC62B4A20A0622400DFC8B9 /* gza_org.png in Resources */,
				AEC62B2020A0622400DFC8B9 /* face072.png in Resources */,
				AEC62B1720A0622400DFC8B9 /* face059.png in Resources */,
				AEC62B3020A0622400DFC8B9 /* sada_org.png in Resources */,
				AEC62B3920A0622400DFC8B9 /* heia_org.png in Resources */,
			);
			runOnlyForDeploymentPostprocessing = 0;
		};
/* End PBXResourcesBuildPhase section */

/* Begin PBXSourcesBuildPhase section */
		AEC62A8E20A061CB00DFC8B9 /* Sources */ = {
			isa = PBXSourcesBuildPhase;
			buildActionMask = 2147483647;
			files = (
				AEC62A9920A061CC00DFC8B9 /* ViewController.m in Sources */,
				AEC62AA420A061CC00DFC8B9 /* main.m in Sources */,
				AEC62B5B20A0625700DFC8B9 /* FullLabelViewController.m in Sources */,
				AEC62A9620A061CC00DFC8B9 /* AppDelegate.m in Sources */,
			);
			runOnlyForDeploymentPostprocessing = 0;
		};
/* End PBXSourcesBuildPhase section */

/* Begin PBXVariantGroup section */
		AEC62A9A20A061CC00DFC8B9 /* Main.storyboard */ = {
			isa = PBXVariantGroup;
			children = (
				AEC62A9B20A061CC00DFC8B9 /* Base */,
			);
			name = Main.storyboard;
			sourceTree = "<group>";
		};
		AEC62A9F20A061CC00DFC8B9 /* LaunchScreen.storyboard */ = {
			isa = PBXVariantGroup;
			children = (
				AEC62AA020A061CC00DFC8B9 /* Base */,
			);
			name = LaunchScreen.storyboard;
			sourceTree = "<group>";
		};
/* End PBXVariantGroup section */

/* Begin XCBuildConfiguration section */
		AEC62AA520A061CC00DFC8B9 /* Debug */ = {
			isa = XCBuildConfiguration;
			buildSettings = {
				ASSETCATALOG_COMPILER_APPICON_NAME = AppIcon;
				ASSETCATALOG_COMPILER_LAUNCHIMAGE_NAME = LaunchImage;
				CLANG_ENABLE_OBJC_WEAK = YES;
				CLANG_WARN_DEPRECATED_OBJC_IMPLEMENTATIONS = YES;
				CLANG_WARN_OBJC_IMPLICIT_RETAIN_SELF = YES;
				CODE_SIGN_STYLE = Automatic;
				DEVELOPMENT_TEAM = TGTFTDLM8G;
				FRAMEWORK_SEARCH_PATHS = (
					"$(inherited)",
					"$(PROJECT_DIR)/KZ_AttributedLabel_iOS/AttributedLabel",
				);
				INFOPLIST_FILE = KZ_AttributedLabel_iOS/Info.plist;
				IPHONEOS_DEPLOYMENT_TARGET = 8.0;
				LD_RUNPATH_SEARCH_PATHS = "$(inherited) @executable_path/Frameworks";
				OTHER_LDFLAGS = "-ObjC";
				PRODUCT_BUNDLE_IDENTIFIER = com.kieronzhang.AttributedLabel;
				PRODUCT_NAME = "$(TARGET_NAME)";
				TARGETED_DEVICE_FAMILY = "1,2";
			};
			name = Debug;
		};
		AEC62AA620A061CC00DFC8B9 /* Release */ = {
			isa = XCBuildConfiguration;
			buildSettings = {
				ASSETCATALOG_COMPILER_APPICON_NAME = AppIcon;
				ASSETCATALOG_COMPILER_LAUNCHIMAGE_NAME = LaunchImage;
				CLANG_ENABLE_OBJC_WEAK = YES;
				CLANG_WARN_DEPRECATED_OBJC_IMPLEMENTATIONS = YES;
				CLANG_WARN_OBJC_IMPLICIT_RETAIN_SELF = YES;
				CODE_SIGN_STYLE = Automatic;
				DEVELOPMENT_TEAM = TGTFTDLM8G;
				FRAMEWORK_SEARCH_PATHS = (
					"$(inherited)",
					"$(PROJECT_DIR)/KZ_AttributedLabel_iOS/AttributedLabel",
				);
				INFOPLIST_FILE = KZ_AttributedLabel_iOS/Info.plist;
				IPHONEOS_DEPLOYMENT_TARGET = 8.0;
				LD_RUNPATH_SEARCH_PATHS = "$(inherited) @executable_path/Frameworks";
				OTHER_LDFLAGS = "-ObjC";
				PRODUCT_BUNDLE_IDENTIFIER = com.kieronzhang.AttributedLabel;
				PRODUCT_NAME = "$(TARGET_NAME)";
				TARGETED_DEVICE_FAMILY = "1,2";
			};
			name = Release;
		};
		AED818CA1FB2A519000DBD12 /* Debug */ = {
			isa = XCBuildConfiguration;
			buildSettings = {
				ALWAYS_SEARCH_USER_PATHS = NO;
				CLANG_ANALYZER_NONNULL = YES;
				CLANG_ANALYZER_NUMBER_OBJECT_CONVERSION = YES_AGGRESSIVE;
				CLANG_CXX_LANGUAGE_STANDARD = "gnu++14";
				CLANG_CXX_LIBRARY = "libc++";
				CLANG_ENABLE_MODULES = YES;
				CLANG_ENABLE_OBJC_ARC = YES;
				CLANG_WARN_BLOCK_CAPTURE_AUTORELEASING = YES;
				CLANG_WARN_BOOL_CONVERSION = YES;
				CLANG_WARN_COMMA = YES;
				CLANG_WARN_CONSTANT_CONVERSION = YES;
				CLANG_WARN_DEPRECATED_OBJC_IMPLEMENTATIONS = YES;
				CLANG_WARN_DIRECT_OBJC_ISA_USAGE = YES_ERROR;
				CLANG_WARN_DOCUMENTATION_COMMENTS = YES;
				CLANG_WARN_EMPTY_BODY = YES;
				CLANG_WARN_ENUM_CONVERSION = YES;
				CLANG_WARN_INFINITE_RECURSION = YES;
				CLANG_WARN_INT_CONVERSION = YES;
				CLANG_WARN_NON_LITERAL_NULL_CONVERSION = YES;
				CLANG_WARN_OBJC_IMPLICIT_RETAIN_SELF = YES;
				CLANG_WARN_OBJC_LITERAL_CONVERSION = YES;
				CLANG_WARN_OBJC_ROOT_CLASS = YES_ERROR;
				CLANG_WARN_RANGE_LOOP_ANALYSIS = YES;
				CLANG_WARN_STRICT_PROTOTYPES = YES;
				CLANG_WARN_SUSPICIOUS_MOVE = YES;
				CLANG_WARN_UNGUARDED_AVAILABILITY = YES_AGGRESSIVE;
				CLANG_WARN_UNREACHABLE_CODE = YES;
				CLANG_WARN__DUPLICATE_METHOD_MATCH = YES;
				CODE_SIGN_IDENTITY = "iPhone Developer";
				COPY_PHASE_STRIP = NO;
				DEBUG_INFORMATION_FORMAT = dwarf;
				ENABLE_STRICT_OBJC_MSGSEND = YES;
				ENABLE_TESTABILITY = YES;
				GCC_C_LANGUAGE_STANDARD = gnu11;
				GCC_DYNAMIC_NO_PIC = NO;
				GCC_NO_COMMON_BLOCKS = YES;
				GCC_OPTIMIZATION_LEVEL = 0;
				GCC_PREPROCESSOR_DEFINITIONS = (
					"DEBUG=1",
					"$(inherited)",
				);
				GCC_WARN_64_TO_32_BIT_CONVERSION = YES;
				GCC_WARN_ABOUT_RETURN_TYPE = YES_ERROR;
				GCC_WARN_UNDECLARED_SELECTOR = YES;
				GCC_WARN_UNINITIALIZED_AUTOS = YES_AGGRESSIVE;
				GCC_WARN_UNUSED_FUNCTION = YES;
				GCC_WARN_UNUSED_VARIABLE = YES;
				IPHONEOS_DEPLOYMENT_TARGET = 8.0;
				MTL_ENABLE_DEBUG_INFO = YES;
				ONLY_ACTIVE_ARCH = YES;
				SDKROOT = iphoneos;
			};
			name = Debug;
		};
		AED818CB1FB2A519000DBD12 /* Release */ = {
			isa = XCBuildConfiguration;
			buildSettings = {
				ALWAYS_SEARCH_USER_PATHS = NO;
				CLANG_ANALYZER_NONNULL = YES;
				CLANG_ANALYZER_NUMBER_OBJECT_CONVERSION = YES_AGGRESSIVE;
				CLANG_CXX_LANGUAGE_STANDARD = "gnu++14";
				CLANG_CXX_LIBRARY = "libc++";
				CLANG_ENABLE_MODULES = YES;
				CLANG_ENABLE_OBJC_ARC = YES;
				CLANG_WARN_BLOCK_CAPTURE_AUTORELEASING = YES;
				CLANG_WARN_BOOL_CONVERSION = YES;
				CLANG_WARN_COMMA = YES;
				CLANG_WARN_CONSTANT_CONVERSION = YES;
				CLANG_WARN_DEPRECATED_OBJC_IMPLEMENTATIONS = YES;
				CLANG_WARN_DIRECT_OBJC_ISA_USAGE = YES_ERROR;
				CLANG_WARN_DOCUMENTATION_COMMENTS = YES;
				CLANG_WARN_EMPTY_BODY = YES;
				CLANG_WARN_ENUM_CONVERSION = YES;
				CLANG_WARN_INFINITE_RECURSION = YES;
				CLANG_WARN_INT_CONVERSION = YES;
				CLANG_WARN_NON_LITERAL_NULL_CONVERSION = YES;
				CLANG_WARN_OBJC_IMPLICIT_RETAIN_SELF = YES;
				CLANG_WARN_OBJC_LITERAL_CONVERSION = YES;
				CLANG_WARN_OBJC_ROOT_CLASS = YES_ERROR;
				CLANG_WARN_RANGE_LOOP_ANALYSIS = YES;
				CLANG_WARN_STRICT_PROTOTYPES = YES;
				CLANG_WARN_SUSPICIOUS_MOVE = YES;
				CLANG_WARN_UNGUARDED_AVAILABILITY = YES_AGGRESSIVE;
				CLANG_WARN_UNREACHABLE_CODE = YES;
				CLANG_WARN__DUPLICATE_METHOD_MATCH = YES;
				CODE_SIGN_IDENTITY = "iPhone Developer";
				COPY_PHASE_STRIP = NO;
				DEBUG_INFORMATION_FORMAT = "dwarf-with-dsym";
				ENABLE_NS_ASSERTIONS = NO;
				ENABLE_STRICT_OBJC_MSGSEND = YES;
				GCC_C_LANGUAGE_STANDARD = gnu11;
				GCC_NO_COMMON_BLOCKS = YES;
				GCC_WARN_64_TO_32_BIT_CONVERSION = YES;
				GCC_WARN_ABOUT_RETURN_TYPE = YES_ERROR;
				GCC_WARN_UNDECLARED_SELECTOR = YES;
				GCC_WARN_UNINITIALIZED_AUTOS = YES_AGGRESSIVE;
				GCC_WARN_UNUSED_FUNCTION = YES;
				GCC_WARN_UNUSED_VARIABLE = YES;
				IPHONEOS_DEPLOYMENT_TARGET = 8.0;
				MTL_ENABLE_DEBUG_INFO = NO;
				SDKROOT = iphoneos;
				VALIDATE_PRODUCT = YES;
			};
			name = Release;
		};
/* End XCBuildConfiguration section */

/* Begin XCConfigurationList section */
		AEC62AA720A061CC00DFC8B9 /* Build configuration list for PBXNativeTarget "KZ_AttributedLabel_iOS" */ = {
			isa = XCConfigurationList;
			buildConfigurations = (
				AEC62AA520A061CC00DFC8B9 /* Debug */,
				AEC62AA620A061CC00DFC8B9 /* Release */,
			);
			defaultConfigurationIsVisible = 0;
			defaultConfigurationName = Release;
		};
		AED818B11FB2A519000DBD12 /* Build configuration list for PBXProject "KZ_AttributedLabel" */ = {
			isa = XCConfigurationList;
			buildConfigurations = (
				AED818CA1FB2A519000DBD12 /* Debug */,
				AED818CB1FB2A519000DBD12 /* Release */,
			);
			defaultConfigurationIsVisible = 0;
			defaultConfigurationName = Release;
		};
/* End XCConfigurationList section */
	};
	rootObject = AED818AE1FB2A519000DBD12 /* Project object */;
}
